
Microsoft Visual Studio Solution File, Format Version 12.00
# Visual Studio 15
VisualStudioVersion = 15.0.28307.168
MinimumVisualStudioVersion = 10.0.40219.1
Project("{FAE04EC0-301F-11D3-BF4B-00C04F79EFBC}") = "ServicioWebAutorizacionPermisos", "ServicioWebAutorizacionPermisos\ServicioWebAutorizacionPermisos.csproj", "{90216CF1-03FF-4B5C-A612-872B7D696CB4}"
EndProject
Project("{FAE04EC0-301F-11D3-BF4B-00C04F79EFBC}") = "ServicioWeb.Datos", "ServicioWeb.Datos\ServicioWeb.Datos.csproj", "{2EFFE9BE-8CC4-4FED-A137-65A0FB149AAB}"
EndProject
Global
	GlobalSection(SolutionConfigurationPlatforms) = preSolution
		Debug|Any CPU = Debug|Any CPU
		Debug|ARM = Debug|ARM
		Debug|ARM64 = Debug|ARM64
		Debug|x64 = Debug|x64
		Debug|x86 = Debug|x86
		Release|Any CPU = Release|Any CPU
		Release|ARM = Release|ARM
		Release|ARM64 = Release|ARM64
		Release|x64 = Release|x64
		Release|x86 = Release|x86
	EndGlobalSection
	GlobalSection(ProjectConfigurationPlatforms) = postSolution
		{90216CF1-03FF-4B5C-A612-872B7D696CB4}.Debug|Any CPU.ActiveCfg = Debug|Any CPU
		{90216CF1-03FF-4B5C-A612-872B7D696CB4}.Debug|Any CPU.Build.0 = Debug|Any CPU
		{90216CF1-03FF-4B5C-A612-872B7D696CB4}.Debug|ARM.ActiveCfg = Debug|Any CPU
		{90216CF1-03FF-4B5C-A612-872B7D696CB4}.Debug|ARM.Build.0 = Debug|Any CPU
		{90216CF1-03FF-4B5C-A612-872B7D696CB4}.Debug|ARM64.ActiveCfg = Debug|Any CPU
		{90216CF1-03FF-4B5C-A612-872B7D696CB4}.Debug|ARM64.Build.0 = Debug|Any CPU
		{90216CF1-03FF-4B5C-A612-872B7D696CB4}.Debug|x64.ActiveCfg = Debug|Any CPU
		{90216CF1-03FF-4B5C-A612-872B7D696CB4}.Debug|x64.Build.0 = Debug|Any CPU
		{90216CF1-03FF-4B5C-A612-872B7D696CB4}.Debug|x86.ActiveCfg = Debug|Any CPU
		{90216CF1-03FF-4B5C-A612-872B7D696CB4}.Debug|x86.Build.0 = Debug|Any CPU
		{90216CF1-03FF-4B5C-A612-872B7D696CB4}.Release|Any CPU.ActiveCfg = Release|Any CPU
		{90216CF1-03FF-4B5C-A612-872B7D696CB4}.Release|Any CPU.Build.0 = Release|Any CPU
		{90216CF1-03FF-4B5C-A612-872B7D696CB4}.Release|ARM.ActiveCfg = Release|Any CPU
		{90216CF1-03FF-4B5C-A612-872B7D696CB4}.Release|ARM.Build.0 = Release|Any CPU
		{90216CF1-03FF-4B5C-A612-872B7D696CB4}.Release|ARM64.ActiveCfg = Release|Any CPU
		{90216CF1-03FF-4B5C-A612-872B7D696CB4}.Release|ARM64.Build.0 = Release|Any CPU
		{90216CF1-03FF-4B5C-A612-872B7D696CB4}.Release|x64.ActiveCfg = Release|Any CPU
		{90216CF1-03FF-4B5C-A612-872B7D696CB4}.Release|x64.Build.0 = Release|Any CPU
		{90216CF1-03FF-4B5C-A612-872B7D696CB4}.Release|x86.ActiveCfg = Release|Any CPU
		{90216CF1-03FF-4B5C-A612-872B7D696CB4}.Release|x86.Build.0 = Release|Any CPU
		{2EFFE9BE-8CC4-4FED-A137-65A0FB149AAB}.Debug|Any CPU.ActiveCfg = Debug|Any CPU
		{2EFFE9BE-8CC4-4FED-A137-65A0FB149AAB}.Debug|Any CPU.Build.0 = Debug|Any CPU
		{2EFFE9BE-8CC4-4FED-A137-65A0FB149AAB}.Debug|ARM.ActiveCfg = Debug|Any CPU
		{2EFFE9BE-8CC4-4FED-A137-65A0FB149AAB}.Debug|ARM.Build.0 = Debug|Any CPU
		{2EFFE9BE-8CC4-4FED-A137-65A0FB149AAB}.Debug|ARM64.ActiveCfg = Debug|Any CPU
		{2EFFE9BE-8CC4-4FED-A137-65A0FB149AAB}.Debug|ARM64.Build.0 = Debug|Any CPU
		{2EFFE9BE-8CC4-4FED-A137-65A0FB149AAB}.Debug|x64.ActiveCfg = Debug|Any CPU
		{2EFFE9BE-8CC4-4FED-A137-65A0FB149AAB}.Debug|x64.Build.0 = Debug|Any CPU
		{2EFFE9BE-8CC4-4FED-A137-65A0FB149AAB}.Debug|x86.ActiveCfg = Debug|Any CPU
		{2EFFE9BE-8CC4-4FED-A137-65A0FB149AAB}.Debug|x86.Build.0 = Debug|Any CPU
		{2EFFE9BE-8CC4-4FED-A137-65A0FB149AAB}.Release|Any CPU.ActiveCfg = Release|Any CPU
		{2EFFE9BE-8CC4-4FED-A137-65A0FB149AAB}.Release|Any CPU.Build.0 = Release|Any CPU
		{2EFFE9BE-8CC4-4FED-A137-65A0FB149AAB}.Release|ARM.ActiveCfg = Release|Any CPU
		{2EFFE9BE-8CC4-4FED-A137-65A0FB149AAB}.Release|ARM.Build.0 = Release|Any CPU
		{2EFFE9BE-8CC4-4FED-A137-65A0FB149AAB}.Release|ARM64.ActiveCfg = Release|Any CPU
		{2EFFE9BE-8CC4-4FED-A137-65A0FB149AAB}.Release|ARM64.Build.0 = Release|Any CPU
		{2EFFE9BE-8CC4-4FED-A137-65A0FB149AAB}.Release|x64.ActiveCfg = Release|Any CPU
		{2EFFE9BE-8CC4-4FED-A137-65A0FB149AAB}.Release|x64.Build.0 = Release|Any CPU
		{2EFFE9BE-8CC4-4FED-A137-65A0FB149AAB}.Release|x86.ActiveCfg = Release|Any CPU
		{2EFFE9BE-8CC4-4FED-A137-65A0FB149AAB}.Release|x86.Build.0 = Release|Any CPU
	EndGlobalSection
	GlobalSection(SolutionProperties) = preSolution
		HideSolutionNode = FALSE
	EndGlobalSection
	GlobalSection(ExtensibilityGlobals) = postSolution
		SolutionGuid = {916A3554-A339-4553-892F-37273CE73BA2}
	EndGlobalSection
EndGlobal
